
Microsoft Visual Studio Solution File, Format Version 12.00
# Visual Studio Version 16
VisualStudioVersion = 16.0.29230.61
MinimumVisualStudioVersion = 10.0.40219.1
Project("{8BC9CEB8-8B4A-11D0-8D11-00A0C91BC942}") = "HW1", "HW1\HW1.vcxproj", "{7A882D6E-6640-4F0C-8967-22BAF68D0AD3}"
EndProject
Project("{FAE04EC0-301F-11D3-BF4B-00C04F79EFBC}") = "YZYNMSL", "YZYNMSL\YZYNMSL.csproj", "{A1496525-F753-425A-8658-C410BBFF6383}"
EndProject
Global
	GlobalSection(SolutionConfigurationPlatforms) = preSolution
		Debug|Any CPU = Debug|Any CPU
		Debug|x64 = Debug|x64
		Debug|x86 = Debug|x86
		Release|Any CPU = Release|Any CPU
		Release|x64 = Release|x64
		Release|x86 = Release|x86
	EndGlobalSection
	GlobalSection(ProjectConfigurationPlatforms) = postSolution
		{7A882D6E-6640-4F0C-8967-22BAF68D0AD3}.Debug|Any CPU.ActiveCfg = Debug|Win32
		{7A882D6E-6640-4F0C-8967-22BAF68D0AD3}.Debug|x64.ActiveCfg = Debug|x64
		{7A882D6E-6640-4F0C-8967-22BAF68D0AD3}.Debug|x64.Build.0 = Debug|x64
		{7A882D6E-6640-4F0C-8967-22BAF68D0AD3}.Debug|x86.ActiveCfg = Debug|Win32
		{7A882D6E-6640-4F0C-8967-22BAF68D0AD3}.Debug|x86.Build.0 = Debug|Win32
		{7A882D6E-6640-4F0C-8967-22BAF68D0AD3}.Release|Any CPU.ActiveCfg = Release|Win32
		{7A882D6E-6640-4F0C-8967-22BAF68D0AD3}.Release|x64.ActiveCfg = Release|x64
		{7A882D6E-6640-4F0C-8967-22BAF68D0AD3}.Release|x64.Build.0 = Release|x64
		{7A882D6E-6640-4F0C-8967-22BAF68D0AD3}.Release|x86.ActiveCfg = Release|Win32
		{7A882D6E-6640-4F0C-8967-22BAF68D0AD3}.Release|x86.Build.0 = Release|Win32
		{A1496525-F753-425A-8658-C410BBFF6383}.Debug|Any CPU.ActiveCfg = Debug|Any CPU
		{A1496525-F753-425A-8658-C410BBFF6383}.Debug|Any CPU.Build.0 = Debug|Any CPU
		{A1496525-F753-425A-8658-C410BBFF6383}.Debug|x64.ActiveCfg = Debug|Any CPU
		{A1496525-F753-425A-8658-C410BBFF6383}.Debug|x64.Build.0 = Debug|Any CPU
		{A1496525-F753-425A-8658-C410BBFF6383}.Debug|x86.ActiveCfg = Debug|Any CPU
		{A1496525-F753-425A-8658-C410BBFF6383}.Debug|x86.Build.0 = Debug|Any CPU
		{A1496525-F753-425A-8658-C410BBFF6383}.Release|Any CPU.ActiveCfg = Release|Any CPU
		{A1496525-F753-425A-8658-C410BBFF6383}.Release|Any CPU.Build.0 = Release|Any CPU
		{A1496525-F753-425A-8658-C410BBFF6383}.Release|x64.ActiveCfg = Release|Any CPU
		{A1496525-F753-425A-8658-C410BBFF6383}.Release|x64.Build.0 = Release|Any CPU
		{A1496525-F753-425A-8658-C410BBFF6383}.Release|x86.ActiveCfg = Release|Any CPU
		{A1496525-F753-425A-8658-C410BBFF6383}.Release|x86.Build.0 = Release|Any CPU
	EndGlobalSection
	GlobalSection(SolutionProperties) = preSolution
		HideSolutionNode = FALSE
	EndGlobalSection
	GlobalSection(ExtensibilityGlobals) = postSolution
		SolutionGuid = {196A7FBE-04F4-48E0-B4AD-331CA41A867B}
	EndGlobalSection
EndGlobal
